// !$*UTF8*$!
{
	archiveVersion = 1;
	classes = {
	};
	objectVersion = 46;
	objects = {

/* Begin PBXBuildFile section */
		27D572CC14A2462800C7D6E3 /* main.cpp in Sources */ = {isa = PBXBuildFile; fileRef = 27D572CB14A2462800C7D6E3 /* main.cpp */; };
		27D572CE14A2462800C7D6E3 /* vinograd3.1 in CopyFiles */ = {isa = PBXBuildFile; fileRef = 27D572CD14A2462800C7D6E3 /* vinograd3.1 */; };
/* End PBXBuildFile section */

/* Begin PBXCopyFilesBuildPhase section */
		27D572C514A2462800C7D6E3 /* CopyFiles */ = {
			isa = PBXCopyFilesBuildPhase;
			buildActionMask = 2147483647;
			dstPath = /usr/share/man/man1/;
			dstSubfolderSpec = 0;
			files = (
				27D572CE14A2462800C7D6E3 /* vinograd3.1 in CopyFiles */,
			);
			runOnlyForDeploymentPostprocessing = 1;
		};
/* End PBXCopyFilesBuildPhase section */

/* Begin PBXFileReference section */
		27D572C714A2462800C7D6E3 /* vinograd3 */ = {isa = PBXFileReference; explicitFileType = "compiled.mach-o.executable"; includeInIndex = 0; path = vinograd3; sourceTree = BUILT_PRODUCTS_DIR; };
		27D572CB14A2462800C7D6E3 /* main.cpp */ = {isa = PBXFileReference; lastKnownFileType = sourcecode.cpp.cpp; path = main.cpp; sourceTree = "<group>"; };
		27D572CD14A2462800C7D6E3 /* vinograd3.1 */ = {isa = PBXFileReference; lastKnownFileType = text.man; path = vinograd3.1; sourceTree = "<group>"; };
/* End PBXFileReference section */

/* Begin PBXFrameworksBuildPhase section */
		27D572C414A2462800C7D6E3 /* Frameworks */ = {
			isa = PBXFrameworksBuildPhase;
			buildActionMask = 2147483647;
			files = (
			);
			runOnlyForDeploymentPostprocessing = 0;
		};
/* End PBXFrameworksBuildPhase section */

/* Begin PBXGroup section */
		27D572BC14A2462800C7D6E3 = {
			isa = PBXGroup;
			children = (
				27D572CA14A2462800C7D6E3 /* vinograd3 */,
				27D572C814A2462800C7D6E3 /* Products */,
			);
			sourceTree = "<group>";
		};
		27D572C814A2462800C7D6E3 /* Products */ = {
			isa = PBXGroup;
			children = (
				27D572C714A2462800C7D6E3 /* vinograd3 */,
			);
			name = Products;
			sourceTree = "<group>";
		};
		27D572CA14A2462800C7D6E3 /* vinograd3 */ = {
			isa = PBXGroup;
			children = (
				27D572CB14A2462800C7D6E3 /* main.cpp */,
				27D572CD14A2462800C7D6E3 /* vinograd3.1 */,
			);
			path = vinograd3;
			sourceTree = "<group>";
		};
/* End PBXGroup section */

/* Begin PBXNativeTarget section */
		27D572C614A2462800C7D6E3 /* vinograd3 */ = {
			isa = PBXNativeTarget;
			buildConfigurationList = 27D572D114A2462800C7D6E3 /* Build configuration list for PBXNativeTarget "vinograd3" */;
			buildPhases = (
				27D572C314A2462800C7D6E3 /* Sources */,
				27D572C414A2462800C7D6E3 /* Frameworks */,
				27D572C514A2462800C7D6E3 /* CopyFiles */,
			);
			buildRules = (
			);
			dependencies = (
			);
			name = vinograd3;
			productName = vinograd3;
			productReference = 27D572C714A2462800C7D6E3 /* vinograd3 */;
			productType = "com.apple.product-type.tool";
		};
/* End PBXNativeTarget section */

/* Begin PBXProject section */
		27D572BE14A2462800C7D6E3 /* Project object */ = {
			isa = PBXProject;
			attributes = {
				LastUpgradeCheck = 0420;
			};
			buildConfigurationList = 27D572C114A2462800C7D6E3 /* Build configuration list for PBXProject "vinograd3" */;
			compatibilityVersion = "Xcode 3.2";
			developmentRegion = English;
			hasScannedForEncodings = 0;
			knownRegions = (
				en,
			);
			mainGroup = 27D572BC14A2462800C7D6E3;
			productRefGroup = 27D572C814A2462800C7D6E3 /* Products */;
			projectDirPath = "";
			projectRoot = "";
			targets = (
				27D572C614A2462800C7D6E3 /* vinograd3 */,
			);
		};
/* End PBXProject section */

/* Begin PBXSourcesBuildPhase section */
		27D572C314A2462800C7D6E3 /* Sources */ = {
			isa = PBXSourcesBuildPhase;
			buildActionMask = 2147483647;
			files = (
				27D572CC14A2462800C7D6E3 /* main.cpp in Sources */,
			);
			runOnlyForDeploymentPostprocessing = 0;
		};
/* End PBXSourcesBuildPhase section */

/* Begin XCBuildConfiguration section */
		27D572CF14A2462800C7D6E3 /* Debug */ = {
			isa = XCBuildConfiguration;
			buildSettings = {
				ALWAYS_SEARCH_USER_PATHS = NO;
				ARCHS = "$(ARCHS_STANDARD_64_BIT)";
				COPY_PHASE_STRIP = NO;
				GCC_C_LANGUAGE_STANDARD = gnu99;
				GCC_DYNAMIC_NO_PIC = NO;
				GCC_ENABLE_OBJC_EXCEPTIONS = YES;
				GCC_OPTIMIZATION_LEVEL = 0;
				GCC_PREPROCESSOR_DEFINITIONS = (
					"DEBUG=1",
					"$(inherited)",
				);
				GCC_SYMBOLS_PRIVATE_EXTERN = NO;
				GCC_VERSION = com.apple.compilers.llvm.clang.1_0;
				GCC_WARN_64_TO_32_BIT_CONVERSION = YES;
				GCC_WARN_ABOUT_MISSING_PROTOTYPES = YES;
				GCC_WARN_ABOUT_RETURN_TYPE = YES;
				GCC_WARN_UNUSED_VARIABLE = YES;
				MACOSX_DEPLOYMENT_TARGET = 10.6;
				ONLY_ACTIVE_ARCH = YES;
				SDKROOT = macosx;
			};
			name = Debug;
		};
		27D572D014A2462800C7D6E3 /* Release */ = {
			isa = XCBuildConfiguration;
			buildSettings = {
				ALWAYS_SEARCH_USER_PATHS = NO;
				ARCHS = "$(ARCHS_STANDARD_64_BIT)";
				COPY_PHASE_STRIP = YES;
				DEBUG_INFORMATION_FORMAT = "dwarf-with-dsym";
				GCC_C_LANGUAGE_STANDARD = gnu99;
				GCC_ENABLE_OBJC_EXCEPTIONS = YES;
				GCC_VERSION = com.apple.compilers.llvm.clang.1_0;
				GCC_WARN_64_TO_32_BIT_CONVERSION = YES;
				GCC_WARN_ABOUT_MISSING_PROTOTYPES = YES;
				GCC_WARN_ABOUT_RETURN_TYPE = YES;
				GCC_WARN_UNUSED_VARIABLE = YES;
				MACOSX_DEPLOYMENT_TARGET = 10.6;
				SDKROOT = macosx;
			};
			name = Release;
		};
		27D572D214A2462800C7D6E3 /* Debug */ = {
			isa = XCBuildConfiguration;
			buildSettings = {
				PRODUCT_NAME = "$(TARGET_NAME)";
			};
			name = Debug;
		};
		27D572D314A2462800C7D6E3 /* Release */ = {
			isa = XCBuildConfiguration;
			buildSettings = {
				PRODUCT_NAME = "$(TARGET_NAME)";
			};
			name = Release;
		};
/* End XCBuildConfiguration section */

/* Begin XCConfigurationList section */
		27D572C114A2462800C7D6E3 /* Build configuration list for PBXProject "vinograd3" */ = {
			isa = XCConfigurationList;
			buildConfigurations = (
				27D572CF14A2462800C7D6E3 /* Debug */,
				27D572D014A2462800C7D6E3 /* Release */,
			);
			defaultConfigurationIsVisible = 0;
			defaultConfigurationName = Release;
		};
		27D572D114A2462800C7D6E3 /* Build configuration list for PBXNativeTarget "vinograd3" */ = {
			isa = XCConfigurationList;
			buildConfigurations = (
				27D572D214A2462800C7D6E3 /* Debug */,
				27D572D314A2462800C7D6E3 /* Release */,
			);
			defaultConfigurationIsVisible = 0;
		};
/* End XCConfigurationList section */
	};
	rootObject = 27D572BE14A2462800C7D6E3 /* Project object */;
}
